
Microsoft Visual Studio Solution File, Format Version 12.00
Project("{FAE04EC0-301F-11D3-BF4B-00C04F79EFBC}") = "EncapsulationPrinciple", "EncapsulationPrinciple\EncapsulationPrinciple.csproj", "{F92DD661-1E7E-4C06-A49B-F697A35D46F5}"
EndProject
Global
	GlobalSection(SolutionConfigurationPlatforms) = preSolution
		Debug|Any CPU = Debug|Any CPU
		Release|Any CPU = Release|Any CPU
	EndGlobalSection
	GlobalSection(ProjectConfigurationPlatforms) = postSolution
		{F92DD661-1E7E-4C06-A49B-F697A35D46F5}.Debug|Any CPU.ActiveCfg = Debug|Any CPU
		{F92DD661-1E7E-4C06-A49B-F697A35D46F5}.Debug|Any CPU.Build.0 = Debug|Any CPU
		{F92DD661-1E7E-4C06-A49B-F697A35D46F5}.Release|Any CPU.ActiveCfg = Release|Any CPU
		{F92DD661-1E7E-4C06-A49B-F697A35D46F5}.Release|Any CPU.Build.0 = Release|Any CPU
	EndGlobalSection
EndGlobal
